
Microsoft Visual Studio Solution File, Format Version 12.00
# Visual Studio 2012
Project("{FAE04EC0-301F-11D3-BF4B-00C04F79EFBC}") = "LazyCache", "LazyCache\LazyCache.csproj", "{E6A1EF20-94AD-4A1C-9A89-3B2FA8AD8EC7}"
EndProject
Project("{FAE04EC0-301F-11D3-BF4B-00C04F79EFBC}") = "LazyCache.UnitTests", "LazyCache.UnitTests\LazyCache.UnitTests.csproj", "{7F6C8799-CA9E-43BD-AE97-72C31BB4E106}"
EndProject
Global
	GlobalSection(SolutionConfigurationPlatforms) = preSolution
		Debug|Any CPU = Debug|Any CPU
		Release|Any CPU = Release|Any CPU
	EndGlobalSection
	GlobalSection(ProjectConfigurationPlatforms) = postSolution
		{E6A1EF20-94AD-4A1C-9A89-3B2FA8AD8EC7}.Debug|Any CPU.ActiveCfg = Debug|Any CPU
		{E6A1EF20-94AD-4A1C-9A89-3B2FA8AD8EC7}.Debug|Any CPU.Build.0 = Debug|Any CPU
		{E6A1EF20-94AD-4A1C-9A89-3B2FA8AD8EC7}.Release|Any CPU.ActiveCfg = Release|Any CPU
		{E6A1EF20-94AD-4A1C-9A89-3B2FA8AD8EC7}.Release|Any CPU.Build.0 = Release|Any CPU
		{7F6C8799-CA9E-43BD-AE97-72C31BB4E106}.Debug|Any CPU.ActiveCfg = Debug|Any CPU
		{7F6C8799-CA9E-43BD-AE97-72C31BB4E106}.Debug|Any CPU.Build.0 = Debug|Any CPU
		{7F6C8799-CA9E-43BD-AE97-72C31BB4E106}.Release|Any CPU.ActiveCfg = Release|Any CPU
		{7F6C8799-CA9E-43BD-AE97-72C31BB4E106}.Release|Any CPU.Build.0 = Release|Any CPU
	EndGlobalSection
	GlobalSection(SolutionProperties) = preSolution
		HideSolutionNode = FALSE
	EndGlobalSection
EndGlobal
