
Microsoft Visual Studio Solution File, Format Version 12.00
# Visual Studio 15
VisualStudioVersion = 15.0.27130.2024
MinimumVisualStudioVersion = 10.0.40219.1
Project("{9A19103F-16F7-4668-BE54-9A1E7A4F7556}") = "LazyCache", "LazyCache\LazyCache.csproj", "{E6A1EF20-94AD-4A1C-9A89-3B2FA8AD8EC7}"
EndProject
Project("{9A19103F-16F7-4668-BE54-9A1E7A4F7556}") = "LazyCache.UnitTests", "LazyCache.UnitTests\LazyCache.UnitTests.csproj", "{7F6C8799-CA9E-43BD-AE97-72C31BB4E106}"
EndProject
Project("{2150E333-8FDC-42A3-9474-1A3956D46DE8}") = "info", "info", "{81C0E096-59B7-4129-851B-8183FDB9B02B}"
	ProjectSection(SolutionItems) = preProject
		appveyor.yml = appveyor.yml
		build.ps1 = build.ps1
		Readme.md = Readme.md
		ReleaseNotes.md = ReleaseNotes.md
	EndProjectSection
EndProject
Project("{2150E333-8FDC-42A3-9474-1A3956D46DE8}") = "Samples", "Samples", "{335BA426-C839-4996-8476-F3EE4056C40E}"
EndProject
Project("{FAE04EC0-301F-11D3-BF4B-00C04F79EFBC}") = "CacheDatabaseQueriesApiSample", "CacheDatabaseQueriesApiSample\CacheDatabaseQueriesApiSample.csproj", "{5D6A88DD-230C-4057-B8EB-A987FF4F29DB}"
EndProject
Global
	GlobalSection(SolutionConfigurationPlatforms) = preSolution
		Debug|Any CPU = Debug|Any CPU
		Release|Any CPU = Release|Any CPU
	EndGlobalSection
	GlobalSection(ProjectConfigurationPlatforms) = postSolution
		{E6A1EF20-94AD-4A1C-9A89-3B2FA8AD8EC7}.Debug|Any CPU.ActiveCfg = Debug|Any CPU
		{E6A1EF20-94AD-4A1C-9A89-3B2FA8AD8EC7}.Debug|Any CPU.Build.0 = Debug|Any CPU
		{E6A1EF20-94AD-4A1C-9A89-3B2FA8AD8EC7}.Release|Any CPU.ActiveCfg = Release|Any CPU
		{E6A1EF20-94AD-4A1C-9A89-3B2FA8AD8EC7}.Release|Any CPU.Build.0 = Release|Any CPU
		{7F6C8799-CA9E-43BD-AE97-72C31BB4E106}.Debug|Any CPU.ActiveCfg = Debug|Any CPU
		{7F6C8799-CA9E-43BD-AE97-72C31BB4E106}.Debug|Any CPU.Build.0 = Debug|Any CPU
		{7F6C8799-CA9E-43BD-AE97-72C31BB4E106}.Release|Any CPU.ActiveCfg = Release|Any CPU
		{7F6C8799-CA9E-43BD-AE97-72C31BB4E106}.Release|Any CPU.Build.0 = Release|Any CPU
		{5D6A88DD-230C-4057-B8EB-A987FF4F29DB}.Debug|Any CPU.ActiveCfg = Debug|Any CPU
		{5D6A88DD-230C-4057-B8EB-A987FF4F29DB}.Debug|Any CPU.Build.0 = Debug|Any CPU
		{5D6A88DD-230C-4057-B8EB-A987FF4F29DB}.Release|Any CPU.ActiveCfg = Release|Any CPU
		{5D6A88DD-230C-4057-B8EB-A987FF4F29DB}.Release|Any CPU.Build.0 = Release|Any CPU
	EndGlobalSection
	GlobalSection(SolutionProperties) = preSolution
		HideSolutionNode = FALSE
	EndGlobalSection
	GlobalSection(NestedProjects) = preSolution
		{5D6A88DD-230C-4057-B8EB-A987FF4F29DB} = {335BA426-C839-4996-8476-F3EE4056C40E}
	EndGlobalSection
	GlobalSection(ExtensibilityGlobals) = postSolution
		SolutionGuid = {5040E431-0FAA-4DC7-A678-D218CD57D542}
	EndGlobalSection
EndGlobal
